
Microsoft Visual Studio Solution File, Format Version 12.00
# Visual Studio Version 17
VisualStudioVersion = 17.9.34622.214
MinimumVisualStudioVersion = 10.0.40219.1
Project("{2150E333-8FDC-42A3-9474-1A3956D46DE8}") = "APIMicroservices", "APIMicroservices", "{1875E512-4446-4690-953C-B8495B0D5670}"
EndProject
Project("{2150E333-8FDC-42A3-9474-1A3956D46DE8}") = "Common", "Common", "{7ED4BBF1-AEBA-4117-B2CC-A8B23212A7FE}"
EndProject
Project("{2150E333-8FDC-42A3-9474-1A3956D46DE8}") = "Multiplataformas", "Multiplataformas", "{6B039D30-DDC2-4FC1-A1E7-D6EDCD2D7697}"
EndProject
Project("{9A19103F-16F7-4668-BE54-9A1E7A4F7556}") = "Coling.API.Bolsatrabajo", "Coling.API.Bolsatrabajo\Coling.API.Bolsatrabajo.csproj", "{786B28C0-EDB5-49B9-8214-6B2242F16B78}"
EndProject
Project("{9A19103F-16F7-4668-BE54-9A1E7A4F7556}") = "Coling.API.Curriculum", "Coling.API.Curriculum\Coling.API.Curriculum.csproj", "{705AFE0E-ECF1-4D1C-AFE9-286CE12FFD7A}"
EndProject
Project("{9A19103F-16F7-4668-BE54-9A1E7A4F7556}") = "Coling.Shared", "Coling.Shared\Coling.Shared.csproj", "{A7284DE9-E103-42CF-A8B1-168015F0E580}"
EndProject
Project("{9A19103F-16F7-4668-BE54-9A1E7A4F7556}") = "Coling.Vista", "Coling.Vista\Coling.Vista.csproj", "{A6341E62-0AFA-4246-997C-B41FCCFC6148}"
EndProject
Project("{9A19103F-16F7-4668-BE54-9A1E7A4F7556}") = "Coling.API.Afilidados", "Coling.API.Afilidados\Coling.API.Afilidados.csproj", "{44849D40-7E03-4DC2-A885-64D86A92358E}"
EndProject
Global
	GlobalSection(SolutionConfigurationPlatforms) = preSolution
		Debug|Any CPU = Debug|Any CPU
		Release|Any CPU = Release|Any CPU
	EndGlobalSection
	GlobalSection(ProjectConfigurationPlatforms) = postSolution
		{786B28C0-EDB5-49B9-8214-6B2242F16B78}.Debug|Any CPU.ActiveCfg = Debug|Any CPU
		{786B28C0-EDB5-49B9-8214-6B2242F16B78}.Debug|Any CPU.Build.0 = Debug|Any CPU
		{786B28C0-EDB5-49B9-8214-6B2242F16B78}.Release|Any CPU.ActiveCfg = Release|Any CPU
		{786B28C0-EDB5-49B9-8214-6B2242F16B78}.Release|Any CPU.Build.0 = Release|Any CPU
		{705AFE0E-ECF1-4D1C-AFE9-286CE12FFD7A}.Debug|Any CPU.ActiveCfg = Debug|Any CPU
		{705AFE0E-ECF1-4D1C-AFE9-286CE12FFD7A}.Debug|Any CPU.Build.0 = Debug|Any CPU
		{705AFE0E-ECF1-4D1C-AFE9-286CE12FFD7A}.Release|Any CPU.ActiveCfg = Release|Any CPU
		{705AFE0E-ECF1-4D1C-AFE9-286CE12FFD7A}.Release|Any CPU.Build.0 = Release|Any CPU
		{A7284DE9-E103-42CF-A8B1-168015F0E580}.Debug|Any CPU.ActiveCfg = Debug|Any CPU
		{A7284DE9-E103-42CF-A8B1-168015F0E580}.Debug|Any CPU.Build.0 = Debug|Any CPU
		{A7284DE9-E103-42CF-A8B1-168015F0E580}.Release|Any CPU.ActiveCfg = Release|Any CPU
		{A7284DE9-E103-42CF-A8B1-168015F0E580}.Release|Any CPU.Build.0 = Release|Any CPU
		{A6341E62-0AFA-4246-997C-B41FCCFC6148}.Debug|Any CPU.ActiveCfg = Debug|Any CPU
		{A6341E62-0AFA-4246-997C-B41FCCFC6148}.Debug|Any CPU.Build.0 = Debug|Any CPU
		{A6341E62-0AFA-4246-997C-B41FCCFC6148}.Debug|Any CPU.Deploy.0 = Debug|Any CPU
		{A6341E62-0AFA-4246-997C-B41FCCFC6148}.Release|Any CPU.ActiveCfg = Release|Any CPU
		{A6341E62-0AFA-4246-997C-B41FCCFC6148}.Release|Any CPU.Build.0 = Release|Any CPU
		{A6341E62-0AFA-4246-997C-B41FCCFC6148}.Release|Any CPU.Deploy.0 = Release|Any CPU
		{44849D40-7E03-4DC2-A885-64D86A92358E}.Debug|Any CPU.ActiveCfg = Debug|Any CPU
		{44849D40-7E03-4DC2-A885-64D86A92358E}.Debug|Any CPU.Build.0 = Debug|Any CPU
		{44849D40-7E03-4DC2-A885-64D86A92358E}.Release|Any CPU.ActiveCfg = Release|Any CPU
		{44849D40-7E03-4DC2-A885-64D86A92358E}.Release|Any CPU.Build.0 = Release|Any CPU
	EndGlobalSection
	GlobalSection(SolutionProperties) = preSolution
		HideSolutionNode = FALSE
	EndGlobalSection
	GlobalSection(NestedProjects) = preSolution
		{786B28C0-EDB5-49B9-8214-6B2242F16B78} = {1875E512-4446-4690-953C-B8495B0D5670}
		{705AFE0E-ECF1-4D1C-AFE9-286CE12FFD7A} = {1875E512-4446-4690-953C-B8495B0D5670}
		{A7284DE9-E103-42CF-A8B1-168015F0E580} = {7ED4BBF1-AEBA-4117-B2CC-A8B23212A7FE}
		{A6341E62-0AFA-4246-997C-B41FCCFC6148} = {6B039D30-DDC2-4FC1-A1E7-D6EDCD2D7697}
		{44849D40-7E03-4DC2-A885-64D86A92358E} = {1875E512-4446-4690-953C-B8495B0D5670}
	EndGlobalSection
	GlobalSection(ExtensibilityGlobals) = postSolution
		SolutionGuid = {00739A0E-0C5E-4146-9F68-9444D335C8FA}
	EndGlobalSection
EndGlobal
